<?xml version="1.0" encoding="utf-8"?>
<Project ToolsVersion="4.0" xmlns="http://schemas.microsoft.com/developer/msbuild/2003">
  <ItemGroup>
    <Filter Include="contrib">
      <UniqueIdentifier>{3b5a71a1-5aa3-4790-90cf-343d86f5bd9c}</UniqueIdentifier>
    </Filter>
    <Filter Include="contrib\nlohmann">
      <UniqueIdentifier>{9e96ec05-37b3-4426-8d2f-0a89c7f13932}</UniqueIdentifier>
    </Filter>
    <Filter Include="contrib\tinyformat">
      <UniqueIdentifier>{3af25106-8410-471e-8a7e-20811de9f7a2}</UniqueIdentifier>
    </Filter>
    <Filter Include="crypto">
      <UniqueIdentifier>{ded16fc5-fec4-448c-a6a4-c6164ca275c1}</UniqueIdentifier>
    </Filter>
    <Filter Include="crypto\base64">
      <UniqueIdentifier>{79212f20-9be7-4751-9f0d-54c0ec40b092}</UniqueIdentifier>
    </Filter>
    <Filter Include="crypto\RSA">
      <UniqueIdentifier>{6ea08413-02a7-4193-987d-1f7a072fb416}</UniqueIdentifier>
    </Filter>
    <Filter Include="Socket">
      <UniqueIdentifier>{53c60a7f-0095-4dcd-9396-7b0ae0598466}</UniqueIdentifier>
    </Filter>
    <Filter Include="Header/Source Files">
      <UniqueIdentifier>{93995380-89BD-4b04-88EB-625FBE52EBFB}</UniqueIdentifier>
      <Extensions>h;hh;hpp;hxx;hm;inl;inc;xsd</Extensions>
    </Filter>
    <Filter Include="crypto\AES">
      <UniqueIdentifier>{f9523dd2-2c49-43ac-95c3-153e2fbea45e}</UniqueIdentifier>
    </Filter>
    <Filter Include="contrib\jarro2783">
      <UniqueIdentifier>{d0c2fecb-a3d8-41db-9f7c-e1002de71f0d}</UniqueIdentifier>
    </Filter>
    <Filter Include="Header/Source Files\WebEncoder">
      <UniqueIdentifier>{6f223f24-4c12-4cc2-a712-7724ecef5fbf}</UniqueIdentifier>
    </Filter>
    <Filter Include="Header/Source Files\WMICHwid">
      <UniqueIdentifier>{4025c855-f103-4fa1-a2ee-15211cfc1244}</UniqueIdentifier>
    </Filter>
    <Filter Include="Header/Source Files\WMICHwid\Licenser">
      <UniqueIdentifier>{e5d86386-16c3-428f-95f4-762302efbbf0}</UniqueIdentifier>
    </Filter>
  </ItemGroup>
  <ItemGroup>
    <ClInclude Include="include\stdafx.hpp">
      <Filter>Header/Source Files</Filter>
    </ClInclude>
    <ClInclude Include="contrib\nlohmann\json.hpp">
      <Filter>contrib\nlohmann</Filter>
    </ClInclude>
    <ClInclude Include="contrib\tinyformat\tinyformat.hpp">
      <Filter>contrib\tinyformat</Filter>
    </ClInclude>
    <ClInclude Include="include\Socket.hpp">
      <Filter>Socket</Filter>
    </ClInclude>
    <ClInclude Include="include\crypto\base64.hpp">
      <Filter>crypto\base64</Filter>
    </ClInclude>
    <ClInclude Include="include\crypto\RSA.hpp">
      <Filter>crypto\RSA</Filter>
    </ClInclude>
    <ClInclude Include="include\crypto\AES.hpp">
      <Filter>crypto\AES</Filter>
    </ClInclude>
    <ClInclude Include="contrib\jarro2783\cxxopts.hpp">
      <Filter>contrib\jarro2783</Filter>
    </ClInclude>
    <ClInclude Include="include\WebEncoder.hpp">
      <Filter>Header/Source Files\WebEncoder</Filter>
    </ClInclude>
    <ClInclude Include="include\WMICHwid.hpp">
      <Filter>Header/Source Files\WMICHwid</Filter>
    </ClInclude>
    <ClInclude Include="include\Licenser.hpp">
      <Filter>Header/Source Files\WMICHwid\Licenser</Filter>
    </ClInclude>
  </ItemGroup>
  <ItemGroup>
    <ClCompile Include="src\Socket.cpp">
      <Filter>Socket</Filter>
    </ClCompile>
    <ClCompile Include="src\base64.cpp">
      <Filter>crypto\base64</Filter>
    </ClCompile>
    <ClCompile Include="src\RSA.cpp">
      <Filter>crypto\RSA</Filter>
    </ClCompile>
    <ClCompile Include="src\main.cpp">
      <Filter>Header/Source Files</Filter>
    </ClCompile>
    <ClCompile Include="src\AES.cpp">
      <Filter>crypto\AES</Filter>
    </ClCompile>
    <ClCompile Include="src\WebEncoder.cpp">
      <Filter>Header/Source Files\WebEncoder</Filter>
    </ClCompile>
    <ClCompile Include="src\WMICHwid.cpp">
      <Filter>Header/Source Files\WMICHwid</Filter>
    </ClCompile>
    <ClCompile Include="src\Licenser.cpp">
      <Filter>Header/Source Files\WMICHwid\Licenser</Filter>
    </ClCompile>
  </ItemGroup>
  <ItemGroup>
    <None Include="unix.sh" />
  </ItemGroup>
</Project>