<?xml version="1.0" encoding="utf-8"?>
<Project ToolsVersion="4.0" xmlns="http://schemas.microsoft.com/developer/msbuild/2003">
  <ItemGroup>
    <Filter Include="Source Files">
      <UniqueIdentifier>{4FC737F1-C7A5-4376-A066-2A32D752A2FF}</UniqueIdentifier>
      <Extensions>cpp;c;cc;cxx;def;odl;idl;hpj;bat;asm;asmx</Extensions>
    </Filter>
    <Filter Include="Header Files">
      <UniqueIdentifier>{93995380-89BD-4b04-88EB-625FBE52EBFB}</UniqueIdentifier>
      <Extensions>h;hh;hpp;hxx;hm;inl;inc;xsd</Extensions>
    </Filter>
    <Filter Include="Header Files\contrib">
      <UniqueIdentifier>{3b5a71a1-5aa3-4790-90cf-343d86f5bd9c}</UniqueIdentifier>
    </Filter>
    <Filter Include="Header Files\contrib\nlohmann">
      <UniqueIdentifier>{9e96ec05-37b3-4426-8d2f-0a89c7f13932}</UniqueIdentifier>
    </Filter>
    <Filter Include="Header Files\contrib\tinyformat">
      <UniqueIdentifier>{3af25106-8410-471e-8a7e-20811de9f7a2}</UniqueIdentifier>
    </Filter>
  </ItemGroup>
  <ItemGroup>
    <ClInclude Include="include\stdafx.hpp">
      <Filter>Header Files</Filter>
    </ClInclude>
    <ClInclude Include="contrib\nlohmann\json.hpp">
      <Filter>Header Files\contrib\nlohmann</Filter>
    </ClInclude>
    <ClInclude Include="contrib\tinyformat\tinyformat.hpp">
      <Filter>Header Files\contrib\tinyformat</Filter>
    </ClInclude>
  </ItemGroup>
  <ItemGroup>
    <ClCompile Include="src\main.cpp">
      <Filter>Source Files</Filter>
    </ClCompile>
  </ItemGroup>
</Project>